// !$*UTF8*$!
{
	archiveVersion = 1;
	classes = {
	};
	objectVersion = 46;
	objects = {

/* Begin PBXBuildFile section */
		4EC8FCB21C34C22F0066BCA8 /* main.m in Sources */ = {isa = PBXBuildFile; fileRef = 4EC8FCB11C34C22F0066BCA8 /* main.m */; };
		4EC8FCB51C34C22F0066BCA8 /* AppDelegate.m in Sources */ = {isa = PBXBuildFile; fileRef = 4EC8FCB41C34C22F0066BCA8 /* AppDelegate.m */; };
		4EC8FCB81C34C22F0066BCA8 /* ViewController.m in Sources */ = {isa = PBXBuildFile; fileRef = 4EC8FCB71C34C22F0066BCA8 /* ViewController.m */; };
		4EC8FCBB1C34C22F0066BCA8 /* Main.storyboard in Resources */ = {isa = PBXBuildFile; fileRef = 4EC8FCB91C34C22F0066BCA8 /* Main.storyboard */; };
		4EC8FCBD1C34C22F0066BCA8 /* Images.xcassets in Resources */ = {isa = PBXBuildFile; fileRef = 4EC8FCBC1C34C22F0066BCA8 /* Images.xcassets */; };
		4EC8FCC01C34C22F0066BCA8 /* LaunchScreen.xib in Resources */ = {isa = PBXBuildFile; fileRef = 4EC8FCBE1C34C22F0066BCA8 /* LaunchScreen.xib */; };
		4EC8FCCC1C34C22F0066BCA8 /* QF1559Tests.m in Sources */ = {isa = PBXBuildFile; fileRef = 4EC8FCCB1C34C22F0066BCA8 /* QF1559Tests.m */; };
		4EC8FCD71C34C2730066BCA8 /* FirstViewController.m in Sources */ = {isa = PBXBuildFile; fileRef = 4EC8FCD61C34C2730066BCA8 /* FirstViewController.m */; };
		4EC8FCDA1C34C34D0066BCA8 /* TwoViewController.m in Sources */ = {isa = PBXBuildFile; fileRef = 4EC8FCD91C34C34D0066BCA8 /* TwoViewController.m */; };
/* End PBXBuildFile section */

/* Begin PBXContainerItemProxy section */
		4EC8FCC61C34C22F0066BCA8 /* PBXContainerItemProxy */ = {
			isa = PBXContainerItemProxy;
			containerPortal = 4EC8FCA41C34C22F0066BCA8 /* Project object */;
			proxyType = 1;
			remoteGlobalIDString = 4EC8FCAB1C34C22F0066BCA8;
			remoteInfo = QF1559;
		};
/* End PBXContainerItemProxy section */

/* Begin PBXFileReference section */
		4EC8FCAC1C34C22F0066BCA8 /* QF1559.app */ = {isa = PBXFileReference; explicitFileType = wrapper.application; includeInIndex = 0; path = QF1559.app; sourceTree = BUILT_PRODUCTS_DIR; };
		4EC8FCB01C34C22F0066BCA8 /* Info.plist */ = {isa = PBXFileReference; lastKnownFileType = text.plist.xml; path = Info.plist; sourceTree = "<group>"; };
		4EC8FCB11C34C22F0066BCA8 /* main.m */ = {isa = PBXFileReference; lastKnownFileType = sourcecode.c.objc; path = main.m; sourceTree = "<group>"; };
		4EC8FCB31C34C22F0066BCA8 /* AppDelegate.h */ = {isa = PBXFileReference; lastKnownFileType = sourcecode.c.h; path = AppDelegate.h; sourceTree = "<group>"; };
		4EC8FCB41C34C22F0066BCA8 /* AppDelegate.m */ = {isa = PBXFileReference; lastKnownFileType = sourcecode.c.objc; path = AppDelegate.m; sourceTree = "<group>"; };
		4EC8FCB61C34C22F0066BCA8 /* ViewController.h */ = {isa = PBXFileReference; lastKnownFileType = sourcecode.c.h; path = ViewController.h; sourceTree = "<group>"; };
		4EC8FCB71C34C22F0066BCA8 /* ViewController.m */ = {isa = PBXFileReference; lastKnownFileType = sourcecode.c.objc; path = ViewController.m; sourceTree = "<group>"; };
		4EC8FCBA1C34C22F0066BCA8 /* Base */ = {isa = PBXFileReference; lastKnownFileType = file.storyboard; name = Base; path = Base.lproj/Main.storyboard; sourceTree = "<group>"; };
		4EC8FCBC1C34C22F0066BCA8 /* Images.xcassets */ = {isa = PBXFileReference; lastKnownFileType = folder.assetcatalog; path = Images.xcassets; sourceTree = "<group>"; };
		4EC8FCBF1C34C22F0066BCA8 /* Base */ = {isa = PBXFileReference; lastKnownFileType = file.xib; name = Base; path = Base.lproj/LaunchScreen.xib; sourceTree = "<group>"; };
		4EC8FCC51C34C22F0066BCA8 /* QF1559Tests.xctest */ = {isa = PBXFileReference; explicitFileType = wrapper.cfbundle; includeInIndex = 0; path = QF1559Tests.xctest; sourceTree = BUILT_PRODUCTS_DIR; };
		4EC8FCCA1C34C22F0066BCA8 /* Info.plist */ = {isa = PBXFileReference; lastKnownFileType = text.plist.xml; path = Info.plist; sourceTree = "<group>"; };
		4EC8FCCB1C34C22F0066BCA8 /* QF1559Tests.m */ = {isa = PBXFileReference; lastKnownFileType = sourcecode.c.objc; path = QF1559Tests.m; sourceTree = "<group>"; };
		4EC8FCD51C34C2730066BCA8 /* FirstViewController.h */ = {isa = PBXFileReference; fileEncoding = 4; lastKnownFileType = sourcecode.c.h; path = FirstViewController.h; sourceTree = "<group>"; };
		4EC8FCD61C34C2730066BCA8 /* FirstViewController.m */ = {isa = PBXFileReference; fileEncoding = 4; lastKnownFileType = sourcecode.c.objc; path = FirstViewController.m; sourceTree = "<group>"; };
		4EC8FCD81C34C34D0066BCA8 /* TwoViewController.h */ = {isa = PBXFileReference; fileEncoding = 4; lastKnownFileType = sourcecode.c.h; path = TwoViewController.h; sourceTree = "<group>"; };
		4EC8FCD91C34C34D0066BCA8 /* TwoViewController.m */ = {isa = PBXFileReference; fileEncoding = 4; lastKnownFileType = sourcecode.c.objc; path = TwoViewController.m; sourceTree = "<group>"; };
/* End PBXFileReference section */

/* Begin PBXFrameworksBuildPhase section */
		4EC8FCA91C34C22F0066BCA8 /* Frameworks */ = {
			isa = PBXFrameworksBuildPhase;
			buildActionMask = 2147483647;
			files = (
			);
			runOnlyForDeploymentPostprocessing = 0;
		};
		4EC8FCC21C34C22F0066BCA8 /* Frameworks */ = {
			isa = PBXFrameworksBuildPhase;
			buildActionMask = 2147483647;
			files = (
			);
			runOnlyForDeploymentPostprocessing = 0;
		};
/* End PBXFrameworksBuildPhase section */

/* Begin PBXGroup section */
		4EC8FCA31C34C22F0066BCA8 = {
			isa = PBXGroup;
			children = (
				4EC8FCD81C34C34D0066BCA8 /* TwoViewController.h */,
				4EC8FCD91C34C34D0066BCA8 /* TwoViewController.m */,
				4EC8FCD51C34C2730066BCA8 /* FirstViewController.h */,
				4EC8FCD61C34C2730066BCA8 /* FirstViewController.m */,
				4EC8FCAE1C34C22F0066BCA8 /* QF1559 */,
				4EC8FCC81C34C22F0066BCA8 /* QF1559Tests */,
				4EC8FCAD1C34C22F0066BCA8 /* Products */,
			);
			sourceTree = "<group>";
		};
		4EC8FCAD1C34C22F0066BCA8 /* Products */ = {
			isa = PBXGroup;
			children = (
				4EC8FCAC1C34C22F0066BCA8 /* QF1559.app */,
				4EC8FCC51C34C22F0066BCA8 /* QF1559Tests.xctest */,
			);
			name = Products;
			sourceTree = "<group>";
		};
		4EC8FCAE1C34C22F0066BCA8 /* QF1559 */ = {
			isa = PBXGroup;
			children = (
				4EC8FCB31C34C22F0066BCA8 /* AppDelegate.h */,
				4EC8FCB41C34C22F0066BCA8 /* AppDelegate.m */,
				4EC8FCB61C34C22F0066BCA8 /* ViewController.h */,
				4EC8FCB71C34C22F0066BCA8 /* ViewController.m */,
				4EC8FCB91C34C22F0066BCA8 /* Main.storyboard */,
				4EC8FCBC1C34C22F0066BCA8 /* Images.xcassets */,
				4EC8FCBE1C34C22F0066BCA8 /* LaunchScreen.xib */,
				4EC8FCAF1C34C22F0066BCA8 /* Supporting Files */,
			);
			path = QF1559;
			sourceTree = "<group>";
		};
		4EC8FCAF1C34C22F0066BCA8 /* Supporting Files */ = {
			isa = PBXGroup;
			children = (
				4EC8FCB01C34C22F0066BCA8 /* Info.plist */,
				4EC8FCB11C34C22F0066BCA8 /* main.m */,
			);
			name = "Supporting Files";
			sourceTree = "<group>";
		};
		4EC8FCC81C34C22F0066BCA8 /* QF1559Tests */ = {
			isa = PBXGroup;
			children = (
				4EC8FCCB1C34C22F0066BCA8 /* QF1559Tests.m */,
				4EC8FCC91C34C22F0066BCA8 /* Supporting Files */,
			);
			path = QF1559Tests;
			sourceTree = "<group>";
		};
		4EC8FCC91C34C22F0066BCA8 /* Supporting Files */ = {
			isa = PBXGroup;
			children = (
				4EC8FCCA1C34C22F0066BCA8 /* Info.plist */,
			);
			name = "Supporting Files";
			sourceTree = "<group>";
		};
/* End PBXGroup section */

/* Begin PBXNativeTarget section */
		4EC8FCAB1C34C22F0066BCA8 /* QF1559 */ = {
			isa = PBXNativeTarget;
			buildConfigurationList = 4EC8FCCF1C34C22F0066BCA8 /* Build configuration list for PBXNativeTarget "QF1559" */;
			buildPhases = (
				4EC8FCA81C34C22F0066BCA8 /* Sources */,
				4EC8FCA91C34C22F0066BCA8 /* Frameworks */,
				4EC8FCAA1C34C22F0066BCA8 /* Resources */,
			);
			buildRules = (
			);
			dependencies = (
			);
			name = QF1559;
			productName = QF1559;
			productReference = 4EC8FCAC1C34C22F0066BCA8 /* QF1559.app */;
			productType = "com.apple.product-type.application";
		};
		4EC8FCC41C34C22F0066BCA8 /* QF1559Tests */ = {
			isa = PBXNativeTarget;
			buildConfigurationList = 4EC8FCD21C34C22F0066BCA8 /* Build configuration list for PBXNativeTarget "QF1559Tests" */;
			buildPhases = (
				4EC8FCC11C34C22F0066BCA8 /* Sources */,
				4EC8FCC21C34C22F0066BCA8 /* Frameworks */,
				4EC8FCC31C34C22F0066BCA8 /* Resources */,
			);
			buildRules = (
			);
			dependencies = (
				4EC8FCC71C34C22F0066BCA8 /* PBXTargetDependency */,
			);
			name = QF1559Tests;
			productName = QF1559Tests;
			productReference = 4EC8FCC51C34C22F0066BCA8 /* QF1559Tests.xctest */;
			productType = "com.apple.product-type.bundle.unit-test";
		};
/* End PBXNativeTarget section */

/* Begin PBXProject section */
		4EC8FCA41C34C22F0066BCA8 /* Project object */ = {
			isa = PBXProject;
			attributes = {
				LastUpgradeCheck = 0600;
				ORGANIZATIONNAME = MS;
				TargetAttributes = {
					4EC8FCAB1C34C22F0066BCA8 = {
						CreatedOnToolsVersion = 6.0.1;
					};
					4EC8FCC41C34C22F0066BCA8 = {
						CreatedOnToolsVersion = 6.0.1;
						TestTargetID = 4EC8FCAB1C34C22F0066BCA8;
					};
				};
			};
			buildConfigurationList = 4EC8FCA71C34C22F0066BCA8 /* Build configuration list for PBXProject "QF1559" */;
			compatibilityVersion = "Xcode 3.2";
			developmentRegion = English;
			hasScannedForEncodings = 0;
			knownRegions = (
				en,
				Base,
			);
			mainGroup = 4EC8FCA31C34C22F0066BCA8;
			productRefGroup = 4EC8FCAD1C34C22F0066BCA8 /* Products */;
			projectDirPath = "";
			projectRoot = "";
			targets = (
				4EC8FCAB1C34C22F0066BCA8 /* QF1559 */,
				4EC8FCC41C34C22F0066BCA8 /* QF1559Tests */,
			);
		};
/* End PBXProject section */

/* Begin PBXResourcesBuildPhase section */
		4EC8FCAA1C34C22F0066BCA8 /* Resources */ = {
			isa = PBXResourcesBuildPhase;
			buildActionMask = 2147483647;
			files = (
				4EC8FCBB1C34C22F0066BCA8 /* Main.storyboard in Resources */,
				4EC8FCC01C34C22F0066BCA8 /* LaunchScreen.xib in Resources */,
				4EC8FCBD1C34C22F0066BCA8 /* Images.xcassets in Resources */,
			);
			runOnlyForDeploymentPostprocessing = 0;
		};
		4EC8FCC31C34C22F0066BCA8 /* Resources */ = {
			isa = PBXResourcesBuildPhase;
			buildActionMask = 2147483647;
			files = (
			);
			runOnlyForDeploymentPostprocessing = 0;
		};
/* End PBXResourcesBuildPhase section */

/* Begin PBXSourcesBuildPhase section */
		4EC8FCA81C34C22F0066BCA8 /* Sources */ = {
			isa = PBXSourcesBuildPhase;
			buildActionMask = 2147483647;
			files = (
				4EC8FCB81C34C22F0066BCA8 /* ViewController.m in Sources */,
				4EC8FCB51C34C22F0066BCA8 /* AppDelegate.m in Sources */,
				4EC8FCB21C34C22F0066BCA8 /* main.m in Sources */,
				4EC8FCDA1C34C34D0066BCA8 /* TwoViewController.m in Sources */,
				4EC8FCD71C34C2730066BCA8 /* FirstViewController.m in Sources */,
			);
			runOnlyForDeploymentPostprocessing = 0;
		};
		4EC8FCC11C34C22F0066BCA8 /* Sources */ = {
			isa = PBXSourcesBuildPhase;
			buildActionMask = 2147483647;
			files = (
				4EC8FCCC1C34C22F0066BCA8 /* QF1559Tests.m in Sources */,
			);
			runOnlyForDeploymentPostprocessing = 0;
		};
/* End PBXSourcesBuildPhase section */

/* Begin PBXTargetDependency section */
		4EC8FCC71C34C22F0066BCA8 /* PBXTargetDependency */ = {
			isa = PBXTargetDependency;
			target = 4EC8FCAB1C34C22F0066BCA8 /* QF1559 */;
			targetProxy = 4EC8FCC61C34C22F0066BCA8 /* PBXContainerItemProxy */;
		};
/* End PBXTargetDependency section */

/* Begin PBXVariantGroup section */
		4EC8FCB91C34C22F0066BCA8 /* Main.storyboard */ = {
			isa = PBXVariantGroup;
			children = (
				4EC8FCBA1C34C22F0066BCA8 /* Base */,
			);
			name = Main.storyboard;
			sourceTree = "<group>";
		};
		4EC8FCBE1C34C22F0066BCA8 /* LaunchScreen.xib */ = {
			isa = PBXVariantGroup;
			children = (
				4EC8FCBF1C34C22F0066BCA8 /* Base */,
			);
			name = LaunchScreen.xib;
			sourceTree = "<group>";
		};
/* End PBXVariantGroup section */

/* Begin XCBuildConfiguration section */
		4EC8FCCD1C34C22F0066BCA8 /* Debug */ = {
			isa = XCBuildConfiguration;
			buildSettings = {
				ALWAYS_SEARCH_USER_PATHS = NO;
				CLANG_CXX_LANGUAGE_STANDARD = "gnu++0x";
				CLANG_CXX_LIBRARY = "libc++";
				CLANG_ENABLE_MODULES = YES;
				CLANG_ENABLE_OBJC_ARC = YES;
				CLANG_WARN_BOOL_CONVERSION = YES;
				CLANG_WARN_CONSTANT_CONVERSION = YES;
				CLANG_WARN_DIRECT_OBJC_ISA_USAGE = YES_ERROR;
				CLANG_WARN_EMPTY_BODY = YES;
				CLANG_WARN_ENUM_CONVERSION = YES;
				CLANG_WARN_INT_CONVERSION = YES;
				CLANG_WARN_OBJC_ROOT_CLASS = YES_ERROR;
				CLANG_WARN_UNREACHABLE_CODE = YES;
				CLANG_WARN__DUPLICATE_METHOD_MATCH = YES;
				"CODE_SIGN_IDENTITY[sdk=iphoneos*]" = "iPhone Developer";
				COPY_PHASE_STRIP = NO;
				ENABLE_STRICT_OBJC_MSGSEND = YES;
				GCC_C_LANGUAGE_STANDARD = gnu99;
				GCC_DYNAMIC_NO_PIC = NO;
				GCC_OPTIMIZATION_LEVEL = 0;
				GCC_PREPROCESSOR_DEFINITIONS = (
					"DEBUG=1",
					"$(inherited)",
				);
				GCC_SYMBOLS_PRIVATE_EXTERN = NO;
				GCC_WARN_64_TO_32_BIT_CONVERSION = YES;
				GCC_WARN_ABOUT_RETURN_TYPE = YES_ERROR;
				GCC_WARN_UNDECLARED_SELECTOR = YES;
				GCC_WARN_UNINITIALIZED_AUTOS = YES_AGGRESSIVE;
				GCC_WARN_UNUSED_FUNCTION = YES;
				GCC_WARN_UNUSED_VARIABLE = YES;
				IPHONEOS_DEPLOYMENT_TARGET = 8.0;
				MTL_ENABLE_DEBUG_INFO = YES;
				ONLY_ACTIVE_ARCH = YES;
				SDKROOT = iphoneos;
			};
			name = Debug;
		};
		4EC8FCCE1C34C22F0066BCA8 /* Release */ = {
			isa = XCBuildConfiguration;
			buildSettings = {
				ALWAYS_SEARCH_USER_PATHS = NO;
				CLANG_CXX_LANGUAGE_STANDARD = "gnu++0x";
				CLANG_CXX_LIBRARY = "libc++";
				CLANG_ENABLE_MODULES = YES;
				CLANG_ENABLE_OBJC_ARC = YES;
				CLANG_WARN_BOOL_CONVERSION = YES;
				CLANG_WARN_CONSTANT_CONVERSION = YES;
				CLANG_WARN_DIRECT_OBJC_ISA_USAGE = YES_ERROR;
				CLANG_WARN_EMPTY_BODY = YES;
				CLANG_WARN_ENUM_CONVERSION = YES;
				CLANG_WARN_INT_CONVERSION = YES;
				CLANG_WARN_OBJC_ROOT_CLASS = YES_ERROR;
				CLANG_WARN_UNREACHABLE_CODE = YES;
				CLANG_WARN__DUPLICATE_METHOD_MATCH = YES;
				"CODE_SIGN_IDENTITY[sdk=iphoneos*]" = "iPhone Developer";
				COPY_PHASE_STRIP = YES;
				ENABLE_NS_ASSERTIONS = NO;
				ENABLE_STRICT_OBJC_MSGSEND = YES;
				GCC_C_LANGUAGE_STANDARD = gnu99;
				GCC_WARN_64_TO_32_BIT_CONVERSION = YES;
				GCC_WARN_ABOUT_RETURN_TYPE = YES_ERROR;
				GCC_WARN_UNDECLARED_SELECTOR = YES;
				GCC_WARN_UNINITIALIZED_AUTOS = YES_AGGRESSIVE;
				GCC_WARN_UNUSED_FUNCTION = YES;
				GCC_WARN_UNUSED_VARIABLE = YES;
				IPHONEOS_DEPLOYMENT_TARGET = 8.0;
				MTL_ENABLE_DEBUG_INFO = NO;
				SDKROOT = iphoneos;
				VALIDATE_PRODUCT = YES;
			};
			name = Release;
		};
		4EC8FCD01C34C22F0066BCA8 /* Debug */ = {
			isa = XCBuildConfiguration;
			buildSettings = {
				ASSETCATALOG_COMPILER_APPICON_NAME = AppIcon;
				INFOPLIST_FILE = QF1559/Info.plist;
				LD_RUNPATH_SEARCH_PATHS = "$(inherited) @executable_path/Frameworks";
				PRODUCT_NAME = "$(TARGET_NAME)";
			};
			name = Debug;
		};
		4EC8FCD11C34C22F0066BCA8 /* Release */ = {
			isa = XCBuildConfiguration;
			buildSettings = {
				ASSETCATALOG_COMPILER_APPICON_NAME = AppIcon;
				INFOPLIST_FILE = QF1559/Info.plist;
				LD_RUNPATH_SEARCH_PATHS = "$(inherited) @executable_path/Frameworks";
				PRODUCT_NAME = "$(TARGET_NAME)";
			};
			name = Release;
		};
		4EC8FCD31C34C22F0066BCA8 /* Debug */ = {
			isa = XCBuildConfiguration;
			buildSettings = {
				BUNDLE_LOADER = "$(TEST_HOST)";
				FRAMEWORK_SEARCH_PATHS = (
					"$(SDKROOT)/Developer/Library/Frameworks",
					"$(inherited)",
				);
				GCC_PREPROCESSOR_DEFINITIONS = (
					"DEBUG=1",
					"$(inherited)",
				);
				INFOPLIST_FILE = QF1559Tests/Info.plist;
				LD_RUNPATH_SEARCH_PATHS = "$(inherited) @executable_path/Frameworks @loader_path/Frameworks";
				PRODUCT_NAME = "$(TARGET_NAME)";
				TEST_HOST = "$(BUILT_PRODUCTS_DIR)/QF1559.app/QF1559";
			};
			name = Debug;
		};
		4EC8FCD41C34C22F0066BCA8 /* Release */ = {
			isa = XCBuildConfiguration;
			buildSettings = {
				BUNDLE_LOADER = "$(TEST_HOST)";
				FRAMEWORK_SEARCH_PATHS = (
					"$(SDKROOT)/Developer/Library/Frameworks",
					"$(inherited)",
				);
				INFOPLIST_FILE = QF1559Tests/Info.plist;
				LD_RUNPATH_SEARCH_PATHS = "$(inherited) @executable_path/Frameworks @loader_path/Frameworks";
				PRODUCT_NAME = "$(TARGET_NAME)";
				TEST_HOST = "$(BUILT_PRODUCTS_DIR)/QF1559.app/QF1559";
			};
			name = Release;
		};
/* End XCBuildConfiguration section */

/* Begin XCConfigurationList section */
		4EC8FCA71C34C22F0066BCA8 /* Build configuration list for PBXProject "QF1559" */ = {
			isa = XCConfigurationList;
			buildConfigurations = (
				4EC8FCCD1C34C22F0066BCA8 /* Debug */,
				4EC8FCCE1C34C22F0066BCA8 /* Release */,
			);
			defaultConfigurationIsVisible = 0;
			defaultConfigurationName = Release;
		};
		4EC8FCCF1C34C22F0066BCA8 /* Build configuration list for PBXNativeTarget "QF1559" */ = {
			isa = XCConfigurationList;
			buildConfigurations = (
				4EC8FCD01C34C22F0066BCA8 /* Debug */,
				4EC8FCD11C34C22F0066BCA8 /* Release */,
			);
			defaultConfigurationIsVisible = 0;
			defaultConfigurationName = Release;
		};
		4EC8FCD21C34C22F0066BCA8 /* Build configuration list for PBXNativeTarget "QF1559Tests" */ = {
			isa = XCConfigurationList;
			buildConfigurations = (
				4EC8FCD31C34C22F0066BCA8 /* Debug */,
				4EC8FCD41C34C22F0066BCA8 /* Release */,
			);
			defaultConfigurationIsVisible = 0;
			defaultConfigurationName = Release;
		};
/* End XCConfigurationList section */
	};
	rootObject = 4EC8FCA41C34C22F0066BCA8 /* Project object */;
}
